// !$*UTF8*$!
{
	archiveVersion = 1;
	classes = {
	};
	objectVersion = 56;
	objects = {

/* Begin PBXBuildFile section */
		A7759CA22B71162600CDCAD5 /* AppDelegate.swift in Sources */ = {isa = PBXBuildFile; fileRef = A7759CA12B71162600CDCAD5 /* AppDelegate.swift */; };
		A7759CA42B71162600CDCAD5 /* SceneDelegate.swift in Sources */ = {isa = PBXBuildFile; fileRef = A7759CA32B71162600CDCAD5 /* SceneDelegate.swift */; };
		A7759CA62B71162600CDCAD5 /* ViewController.swift in Sources */ = {isa = PBXBuildFile; fileRef = A7759CA52B71162600CDCAD5 /* ViewController.swift */; };
		A7759CA92B71162600CDCAD5 /* Main.storyboard in Resources */ = {isa = PBXBuildFile; fileRef = A7759CA72B71162600CDCAD5 /* Main.storyboard */; };
		A7759CAB2B71162900CDCAD5 /* Assets.xcassets in Resources */ = {isa = PBXBuildFile; fileRef = A7759CAA2B71162900CDCAD5 /* Assets.xcassets */; };
		A7759CAE2B71162900CDCAD5 /* LaunchScreen.storyboard in Resources */ = {isa = PBXBuildFile; fileRef = A7759CAC2B71162900CDCAD5 /* LaunchScreen.storyboard */; };
		A7759CB82B711C2000CDCAD5 /* PostCell.swift in Sources */ = {isa = PBXBuildFile; fileRef = A7759CB72B711C2000CDCAD5 /* PostCell.swift */; };
		A7759CBB2B711F6800CDCAD5 /* TableData.swift in Sources */ = {isa = PBXBuildFile; fileRef = A7759CBA2B711F6800CDCAD5 /* TableData.swift */; };
		A7759CBE2B7128B200CDCAD5 /* ExtensionView.swift in Sources */ = {isa = PBXBuildFile; fileRef = A7759CBD2B7128B200CDCAD5 /* ExtensionView.swift */; };
		A7759CC02B7152E600CDCAD5 /* DetailsViewController.swift in Sources */ = {isa = PBXBuildFile; fileRef = A7759CBF2B7152E600CDCAD5 /* DetailsViewController.swift */; };
/* End PBXBuildFile section */

/* Begin PBXFileReference section */
		A7759C9E2B71162600CDCAD5 /* p5m2_6.app */ = {isa = PBXFileReference; explicitFileType = wrapper.application; includeInIndex = 0; path = p5m2_6.app; sourceTree = BUILT_PRODUCTS_DIR; };
		A7759CA12B71162600CDCAD5 /* AppDelegate.swift */ = {isa = PBXFileReference; lastKnownFileType = sourcecode.swift; path = AppDelegate.swift; sourceTree = "<group>"; };
		A7759CA32B71162600CDCAD5 /* SceneDelegate.swift */ = {isa = PBXFileReference; lastKnownFileType = sourcecode.swift; path = SceneDelegate.swift; sourceTree = "<group>"; };
		A7759CA52B71162600CDCAD5 /* ViewController.swift */ = {isa = PBXFileReference; lastKnownFileType = sourcecode.swift; path = ViewController.swift; sourceTree = "<group>"; };
		A7759CA82B71162600CDCAD5 /* Base */ = {isa = PBXFileReference; lastKnownFileType = file.storyboard; name = Base; path = Base.lproj/Main.storyboard; sourceTree = "<group>"; };
		A7759CAA2B71162900CDCAD5 /* Assets.xcassets */ = {isa = PBXFileReference; lastKnownFileType = folder.assetcatalog; path = Assets.xcassets; sourceTree = "<group>"; };
		A7759CAD2B71162900CDCAD5 /* Base */ = {isa = PBXFileReference; lastKnownFileType = file.storyboard; name = Base; path = Base.lproj/LaunchScreen.storyboard; sourceTree = "<group>"; };
		A7759CAF2B71162900CDCAD5 /* Info.plist */ = {isa = PBXFileReference; lastKnownFileType = text.plist.xml; path = Info.plist; sourceTree = "<group>"; };
		A7759CB72B711C2000CDCAD5 /* PostCell.swift */ = {isa = PBXFileReference; lastKnownFileType = sourcecode.swift; path = PostCell.swift; sourceTree = "<group>"; };
		A7759CBA2B711F6800CDCAD5 /* TableData.swift */ = {isa = PBXFileReference; lastKnownFileType = sourcecode.swift; path = TableData.swift; sourceTree = "<group>"; };
		A7759CBD2B7128B200CDCAD5 /* ExtensionView.swift */ = {isa = PBXFileReference; lastKnownFileType = sourcecode.swift; path = ExtensionView.swift; sourceTree = "<group>"; };
		A7759CBF2B7152E600CDCAD5 /* DetailsViewController.swift */ = {isa = PBXFileReference; lastKnownFileType = sourcecode.swift; path = DetailsViewController.swift; sourceTree = "<group>"; };
/* End PBXFileReference section */

/* Begin PBXFrameworksBuildPhase section */
		A7759C9B2B71162600CDCAD5 /* Frameworks */ = {
			isa = PBXFrameworksBuildPhase;
			buildActionMask = 2147483647;
			files = (
			);
			runOnlyForDeploymentPostprocessing = 0;
		};
/* End PBXFrameworksBuildPhase section */

/* Begin PBXGroup section */
		A7759C952B71162600CDCAD5 = {
			isa = PBXGroup;
			children = (
				A7759CA02B71162600CDCAD5 /* p5m2_6 */,
				A7759C9F2B71162600CDCAD5 /* Products */,
			);
			sourceTree = "<group>";
		};
		A7759C9F2B71162600CDCAD5 /* Products */ = {
			isa = PBXGroup;
			children = (
				A7759C9E2B71162600CDCAD5 /* p5m2_6.app */,
			);
			name = Products;
			sourceTree = "<group>";
		};
		A7759CA02B71162600CDCAD5 /* p5m2_6 */ = {
			isa = PBXGroup;
			children = (
				A7759CBC2B71288400CDCAD5 /* Ext */,
				A7759CB92B711EDA00CDCAD5 /* Model */,
				A7759CB52B711B3C00CDCAD5 /* View */,
				A7759CA52B71162600CDCAD5 /* ViewController.swift */,
				A7759CBF2B7152E600CDCAD5 /* DetailsViewController.swift */,
				A7759CA12B71162600CDCAD5 /* AppDelegate.swift */,
				A7759CA32B71162600CDCAD5 /* SceneDelegate.swift */,
				A7759CA72B71162600CDCAD5 /* Main.storyboard */,
				A7759CAA2B71162900CDCAD5 /* Assets.xcassets */,
				A7759CAC2B71162900CDCAD5 /* LaunchScreen.storyboard */,
				A7759CAF2B71162900CDCAD5 /* Info.plist */,
			);
			path = p5m2_6;
			sourceTree = "<group>";
		};
		A7759CB52B711B3C00CDCAD5 /* View */ = {
			isa = PBXGroup;
			children = (
				A7759CB62B711B4E00CDCAD5 /* Cell */,
			);
			path = View;
			sourceTree = "<group>";
		};
		A7759CB62B711B4E00CDCAD5 /* Cell */ = {
			isa = PBXGroup;
			children = (
				A7759CB72B711C2000CDCAD5 /* PostCell.swift */,
			);
			path = Cell;
			sourceTree = "<group>";
		};
		A7759CB92B711EDA00CDCAD5 /* Model */ = {
			isa = PBXGroup;
			children = (
				A7759CBA2B711F6800CDCAD5 /* TableData.swift */,
			);
			path = Model;
			sourceTree = "<group>";
		};
		A7759CBC2B71288400CDCAD5 /* Ext */ = {
			isa = PBXGroup;
			children = (
				A7759CBD2B7128B200CDCAD5 /* ExtensionView.swift */,
			);
			path = Ext;
			sourceTree = "<group>";
		};
/* End PBXGroup section */

/* Begin PBXNativeTarget section */
		A7759C9D2B71162600CDCAD5 /* p5m2_6 */ = {
			isa = PBXNativeTarget;
			buildConfigurationList = A7759CB22B71162900CDCAD5 /* Build configuration list for PBXNativeTarget "p5m2_6" */;
			buildPhases = (
				A7759C9A2B71162600CDCAD5 /* Sources */,
				A7759C9B2B71162600CDCAD5 /* Frameworks */,
				A7759C9C2B71162600CDCAD5 /* Resources */,
			);
			buildRules = (
			);
			dependencies = (
			);
			name = p5m2_6;
			productName = p5m2_6;
			productReference = A7759C9E2B71162600CDCAD5 /* p5m2_6.app */;
			productType = "com.apple.product-type.application";
		};
/* End PBXNativeTarget section */

/* Begin PBXProject section */
		A7759C962B71162600CDCAD5 /* Project object */ = {
			isa = PBXProject;
			attributes = {
				BuildIndependentTargetsInParallel = 1;
				LastSwiftUpdateCheck = 1520;
				LastUpgradeCheck = 1520;
				TargetAttributes = {
					A7759C9D2B71162600CDCAD5 = {
						CreatedOnToolsVersion = 15.2;
					};
				};
			};
			buildConfigurationList = A7759C992B71162600CDCAD5 /* Build configuration list for PBXProject "p5m2_6" */;
			compatibilityVersion = "Xcode 14.0";
			developmentRegion = en;
			hasScannedForEncodings = 0;
			knownRegions = (
				en,
				Base,
			);
			mainGroup = A7759C952B71162600CDCAD5;
			productRefGroup = A7759C9F2B71162600CDCAD5 /* Products */;
			projectDirPath = "";
			projectRoot = "";
			targets = (
				A7759C9D2B71162600CDCAD5 /* p5m2_6 */,
			);
		};
/* End PBXProject section */

/* Begin PBXResourcesBuildPhase section */
		A7759C9C2B71162600CDCAD5 /* Resources */ = {
			isa = PBXResourcesBuildPhase;
			buildActionMask = 2147483647;
			files = (
				A7759CAE2B71162900CDCAD5 /* LaunchScreen.storyboard in Resources */,
				A7759CAB2B71162900CDCAD5 /* Assets.xcassets in Resources */,
				A7759CA92B71162600CDCAD5 /* Main.storyboard in Resources */,
			);
			runOnlyForDeploymentPostprocessing = 0;
		};
/* End PBXResourcesBuildPhase section */

/* Begin PBXSourcesBuildPhase section */
		A7759C9A2B71162600CDCAD5 /* Sources */ = {
			isa = PBXSourcesBuildPhase;
			buildActionMask = 2147483647;
			files = (
				A7759CA62B71162600CDCAD5 /* ViewController.swift in Sources */,
				A7759CA22B71162600CDCAD5 /* AppDelegate.swift in Sources */,
				A7759CA42B71162600CDCAD5 /* SceneDelegate.swift in Sources */,
				A7759CB82B711C2000CDCAD5 /* PostCell.swift in Sources */,
				A7759CC02B7152E600CDCAD5 /* DetailsViewController.swift in Sources */,
				A7759CBE2B7128B200CDCAD5 /* ExtensionView.swift in Sources */,
				A7759CBB2B711F6800CDCAD5 /* TableData.swift in Sources */,
			);
			runOnlyForDeploymentPostprocessing = 0;
		};
/* End PBXSourcesBuildPhase section */

/* Begin PBXVariantGroup section */
		A7759CA72B71162600CDCAD5 /* Main.storyboard */ = {
			isa = PBXVariantGroup;
			children = (
				A7759CA82B71162600CDCAD5 /* Base */,
			);
			name = Main.storyboard;
			sourceTree = "<group>";
		};
		A7759CAC2B71162900CDCAD5 /* LaunchScreen.storyboard */ = {
			isa = PBXVariantGroup;
			children = (
				A7759CAD2B71162900CDCAD5 /* Base */,
			);
			name = LaunchScreen.storyboard;
			sourceTree = "<group>";
		};
/* End PBXVariantGroup section */

/* Begin XCBuildConfiguration section */
		A7759CB02B71162900CDCAD5 /* Debug */ = {
			isa = XCBuildConfiguration;
			buildSettings = {
				ALWAYS_SEARCH_USER_PATHS = NO;
				ASSETCATALOG_COMPILER_GENERATE_SWIFT_ASSET_SYMBOL_EXTENSIONS = YES;
				CLANG_ANALYZER_NONNULL = YES;
				CLANG_ANALYZER_NUMBER_OBJECT_CONVERSION = YES_AGGRESSIVE;
				CLANG_CXX_LANGUAGE_STANDARD = "gnu++20";
				CLANG_ENABLE_MODULES = YES;
				CLANG_ENABLE_OBJC_ARC = YES;
				CLANG_ENABLE_OBJC_WEAK = YES;
				CLANG_WARN_BLOCK_CAPTURE_AUTORELEASING = YES;
				CLANG_WARN_BOOL_CONVERSION = YES;
				CLANG_WARN_COMMA = YES;
				CLANG_WARN_CONSTANT_CONVERSION = YES;
				CLANG_WARN_DEPRECATED_OBJC_IMPLEMENTATIONS = YES;
				CLANG_WARN_DIRECT_OBJC_ISA_USAGE = YES_ERROR;
				CLANG_WARN_DOCUMENTATION_COMMENTS = YES;
				CLANG_WARN_EMPTY_BODY = YES;
				CLANG_WARN_ENUM_CONVERSION = YES;
				CLANG_WARN_INFINITE_RECURSION = YES;
				CLANG_WARN_INT_CONVERSION = YES;
				CLANG_WARN_NON_LITERAL_NULL_CONVERSION = YES;
				CLANG_WARN_OBJC_IMPLICIT_RETAIN_SELF = YES;
				CLANG_WARN_OBJC_LITERAL_CONVERSION = YES;
				CLANG_WARN_OBJC_ROOT_CLASS = YES_ERROR;
				CLANG_WARN_QUOTED_INCLUDE_IN_FRAMEWORK_HEADER = YES;
				CLANG_WARN_RANGE_LOOP_ANALYSIS = YES;
				CLANG_WARN_STRICT_PROTOTYPES = YES;
				CLANG_WARN_SUSPICIOUS_MOVE = YES;
				CLANG_WARN_UNGUARDED_AVAILABILITY = YES_AGGRESSIVE;
				CLANG_WARN_UNREACHABLE_CODE = YES;
				CLANG_WARN__DUPLICATE_METHOD_MATCH = YES;
				COPY_PHASE_STRIP = NO;
				DEBUG_INFORMATION_FORMAT = dwarf;
				ENABLE_STRICT_OBJC_MSGSEND = YES;
				ENABLE_TESTABILITY = YES;
				ENABLE_USER_SCRIPT_SANDBOXING = YES;
				GCC_C_LANGUAGE_STANDARD = gnu17;
				GCC_DYNAMIC_NO_PIC = NO;
				GCC_NO_COMMON_BLOCKS = YES;
				GCC_OPTIMIZATION_LEVEL = 0;
				GCC_PREPROCESSOR_DEFINITIONS = (
					"DEBUG=1",
					"$(inherited)",
				);
				GCC_WARN_64_TO_32_BIT_CONVERSION = YES;
				GCC_WARN_ABOUT_RETURN_TYPE = YES_ERROR;
				GCC_WARN_UNDECLARED_SELECTOR = YES;
				GCC_WARN_UNINITIALIZED_AUTOS = YES_AGGRESSIVE;
				GCC_WARN_UNUSED_FUNCTION = YES;
				GCC_WARN_UNUSED_VARIABLE = YES;
				IPHONEOS_DEPLOYMENT_TARGET = 17.2;
				LOCALIZATION_PREFERS_STRING_CATALOGS = YES;
				MTL_ENABLE_DEBUG_INFO = INCLUDE_SOURCE;
				MTL_FAST_MATH = YES;
				ONLY_ACTIVE_ARCH = YES;
				SDKROOT = iphoneos;
				SWIFT_ACTIVE_COMPILATION_CONDITIONS = "DEBUG $(inherited)";
				SWIFT_OPTIMIZATION_LEVEL = "-Onone";
			};
			name = Debug;
		};
		A7759CB12B71162900CDCAD5 /* Release */ = {
			isa = XCBuildConfiguration;
			buildSettings = {
				ALWAYS_SEARCH_USER_PATHS = NO;
				ASSETCATALOG_COMPILER_GENERATE_SWIFT_ASSET_SYMBOL_EXTENSIONS = YES;
				CLANG_ANALYZER_NONNULL = YES;
				CLANG_ANALYZER_NUMBER_OBJECT_CONVERSION = YES_AGGRESSIVE;
				CLANG_CXX_LANGUAGE_STANDARD = "gnu++20";
				CLANG_ENABLE_MODULES = YES;
				CLANG_ENABLE_OBJC_ARC = YES;
				CLANG_ENABLE_OBJC_WEAK = YES;
				CLANG_WARN_BLOCK_CAPTURE_AUTORELEASING = YES;
				CLANG_WARN_BOOL_CONVERSION = YES;
				CLANG_WARN_COMMA = YES;
				CLANG_WARN_CONSTANT_CONVERSION = YES;
				CLANG_WARN_DEPRECATED_OBJC_IMPLEMENTATIONS = YES;
				CLANG_WARN_DIRECT_OBJC_ISA_USAGE = YES_ERROR;
				CLANG_WARN_DOCUMENTATION_COMMENTS = YES;
				CLANG_WARN_EMPTY_BODY = YES;
				CLANG_WARN_ENUM_CONVERSION = YES;
				CLANG_WARN_INFINITE_RECURSION = YES;
				CLANG_WARN_INT_CONVERSION = YES;
				CLANG_WARN_NON_LITERAL_NULL_CONVERSION = YES;
				CLANG_WARN_OBJC_IMPLICIT_RETAIN_SELF = YES;
				CLANG_WARN_OBJC_LITERAL_CONVERSION = YES;
				CLANG_WARN_OBJC_ROOT_CLASS = YES_ERROR;
				CLANG_WARN_QUOTED_INCLUDE_IN_FRAMEWORK_HEADER = YES;
				CLANG_WARN_RANGE_LOOP_ANALYSIS = YES;
				CLANG_WARN_STRICT_PROTOTYPES = YES;
				CLANG_WARN_SUSPICIOUS_MOVE = YES;
				CLANG_WARN_UNGUARDED_AVAILABILITY = YES_AGGRESSIVE;
				CLANG_WARN_UNREACHABLE_CODE = YES;
				CLANG_WARN__DUPLICATE_METHOD_MATCH = YES;
				COPY_PHASE_STRIP = NO;
				DEBUG_INFORMATION_FORMAT = "dwarf-with-dsym";
				ENABLE_NS_ASSERTIONS = NO;
				ENABLE_STRICT_OBJC_MSGSEND = YES;
				ENABLE_USER_SCRIPT_SANDBOXING = YES;
				GCC_C_LANGUAGE_STANDARD = gnu17;
				GCC_NO_COMMON_BLOCKS = YES;
				GCC_WARN_64_TO_32_BIT_CONVERSION = YES;
				GCC_WARN_ABOUT_RETURN_TYPE = YES_ERROR;
				GCC_WARN_UNDECLARED_SELECTOR = YES;
				GCC_WARN_UNINITIALIZED_AUTOS = YES_AGGRESSIVE;
				GCC_WARN_UNUSED_FUNCTION = YES;
				GCC_WARN_UNUSED_VARIABLE = YES;
				IPHONEOS_DEPLOYMENT_TARGET = 17.2;
				LOCALIZATION_PREFERS_STRING_CATALOGS = YES;
				MTL_ENABLE_DEBUG_INFO = NO;
				MTL_FAST_MATH = YES;
				SDKROOT = iphoneos;
				SWIFT_COMPILATION_MODE = wholemodule;
				VALIDATE_PRODUCT = YES;
			};
			name = Release;
		};
		A7759CB32B71162900CDCAD5 /* Debug */ = {
			isa = XCBuildConfiguration;
			buildSettings = {
				ASSETCATALOG_COMPILER_APPICON_NAME = AppIcon;
				ASSETCATALOG_COMPILER_GLOBAL_ACCENT_COLOR_NAME = AccentColor;
				CODE_SIGN_STYLE = Automatic;
				CURRENT_PROJECT_VERSION = 1;
				DEVELOPMENT_TEAM = L2V2FS26HA;
				GENERATE_INFOPLIST_FILE = YES;
				INFOPLIST_FILE = p5m2_6/Info.plist;
				INFOPLIST_KEY_UIApplicationSupportsIndirectInputEvents = YES;
				INFOPLIST_KEY_UILaunchStoryboardName = LaunchScreen;
				INFOPLIST_KEY_UIMainStoryboardFile = Main;
				INFOPLIST_KEY_UISupportedInterfaceOrientations_iPad = "UIInterfaceOrientationPortrait UIInterfaceOrientationPortraitUpsideDown UIInterfaceOrientationLandscapeLeft UIInterfaceOrientationLandscapeRight";
				INFOPLIST_KEY_UISupportedInterfaceOrientations_iPhone = "UIInterfaceOrientationPortrait UIInterfaceOrientationLandscapeLeft UIInterfaceOrientationLandscapeRight";
				LD_RUNPATH_SEARCH_PATHS = (
					"$(inherited)",
					"@executable_path/Frameworks",
				);
				MARKETING_VERSION = 1.0;
				PRODUCT_BUNDLE_IDENTIFIER = "com.amina.p5m2-6";
				PRODUCT_NAME = "$(TARGET_NAME)";
				SWIFT_EMIT_LOC_STRINGS = YES;
				SWIFT_VERSION = 5.0;
				TARGETED_DEVICE_FAMILY = "1,2";
			};
			name = Debug;
		};
		A7759CB42B71162900CDCAD5 /* Release */ = {
			isa = XCBuildConfiguration;
			buildSettings = {
				ASSETCATALOG_COMPILER_APPICON_NAME = AppIcon;
				ASSETCATALOG_COMPILER_GLOBAL_ACCENT_COLOR_NAME = AccentColor;
				CODE_SIGN_STYLE = Automatic;
				CURRENT_PROJECT_VERSION = 1;
				DEVELOPMENT_TEAM = L2V2FS26HA;
				GENERATE_INFOPLIST_FILE = YES;
				INFOPLIST_FILE = p5m2_6/Info.plist;
				INFOPLIST_KEY_UIApplicationSupportsIndirectInputEvents = YES;
				INFOPLIST_KEY_UILaunchStoryboardName = LaunchScreen;
				INFOPLIST_KEY_UIMainStoryboardFile = Main;
				INFOPLIST_KEY_UISupportedInterfaceOrientations_iPad = "UIInterfaceOrientationPortrait UIInterfaceOrientationPortraitUpsideDown UIInterfaceOrientationLandscapeLeft UIInterfaceOrientationLandscapeRight";
				INFOPLIST_KEY_UISupportedInterfaceOrientations_iPhone = "UIInterfaceOrientationPortrait UIInterfaceOrientationLandscapeLeft UIInterfaceOrientationLandscapeRight";
				LD_RUNPATH_SEARCH_PATHS = (
					"$(inherited)",
					"@executable_path/Frameworks",
				);
				MARKETING_VERSION = 1.0;
				PRODUCT_BUNDLE_IDENTIFIER = "com.amina.p5m2-6";
				PRODUCT_NAME = "$(TARGET_NAME)";
				SWIFT_EMIT_LOC_STRINGS = YES;
				SWIFT_VERSION = 5.0;
				TARGETED_DEVICE_FAMILY = "1,2";
			};
			name = Release;
		};
/* End XCBuildConfiguration section */

/* Begin XCConfigurationList section */
		A7759C992B71162600CDCAD5 /* Build configuration list for PBXProject "p5m2_6" */ = {
			isa = XCConfigurationList;
			buildConfigurations = (
				A7759CB02B71162900CDCAD5 /* Debug */,
				A7759CB12B71162900CDCAD5 /* Release */,
			);
			defaultConfigurationIsVisible = 0;
			defaultConfigurationName = Release;
		};
		A7759CB22B71162900CDCAD5 /* Build configuration list for PBXNativeTarget "p5m2_6" */ = {
			isa = XCConfigurationList;
			buildConfigurations = (
				A7759CB32B71162900CDCAD5 /* Debug */,
				A7759CB42B71162900CDCAD5 /* Release */,
			);
			defaultConfigurationIsVisible = 0;
			defaultConfigurationName = Release;
		};
/* End XCConfigurationList section */
	};
	rootObject = A7759C962B71162600CDCAD5 /* Project object */;
}
