// !$*UTF8*$!
{
	archiveVersion = 1;
	classes = {
	};
	objectVersion = 56;
	objects = {

/* Begin PBXBuildFile section */
		A77EDBD32B4B00DB00874080 /* AppDelegate.swift in Sources */ = {isa = PBXBuildFile; fileRef = A77EDBD22B4B00DB00874080 /* AppDelegate.swift */; };
		A77EDBD52B4B00DB00874080 /* SceneDelegate.swift in Sources */ = {isa = PBXBuildFile; fileRef = A77EDBD42B4B00DB00874080 /* SceneDelegate.swift */; };
		A77EDBD72B4B00DB00874080 /* ViewController.swift in Sources */ = {isa = PBXBuildFile; fileRef = A77EDBD62B4B00DB00874080 /* ViewController.swift */; };
		A77EDBDA2B4B00DB00874080 /* Main.storyboard in Resources */ = {isa = PBXBuildFile; fileRef = A77EDBD82B4B00DB00874080 /* Main.storyboard */; };
		A77EDBDC2B4B00DD00874080 /* Assets.xcassets in Resources */ = {isa = PBXBuildFile; fileRef = A77EDBDB2B4B00DD00874080 /* Assets.xcassets */; };
		A77EDBDF2B4B00DD00874080 /* LaunchScreen.storyboard in Resources */ = {isa = PBXBuildFile; fileRef = A77EDBDD2B4B00DD00874080 /* LaunchScreen.storyboard */; };
		A77EDBEC2B4B164400874080 /* ViewBuilder.swift in Sources */ = {isa = PBXBuildFile; fileRef = A77EDBEB2B4B164400874080 /* ViewBuilder.swift */; };
		A77EDBEE2B4B16F300874080 /* ViewManager.swift in Sources */ = {isa = PBXBuildFile; fileRef = A77EDBED2B4B16F300874080 /* ViewManager.swift */; };
		A77EDBF02B4B1E1100874080 /* ExtColor.swift in Sources */ = {isa = PBXBuildFile; fileRef = A77EDBEF2B4B1E1100874080 /* ExtColor.swift */; };
		A7F5F33A2B4EC83000AAD5CA /* ColorCell.swift in Sources */ = {isa = PBXBuildFile; fileRef = A7F5F3392B4EC83000AAD5CA /* ColorCell.swift */; };
		A7F5F33C2B4EC84C00AAD5CA /* IconCell.swift in Sources */ = {isa = PBXBuildFile; fileRef = A7F5F33B2B4EC84C00AAD5CA /* IconCell.swift */; };
		A7FA191E2B525574003EAEFC /* ExtLabel.swift in Sources */ = {isa = PBXBuildFile; fileRef = A7FA191D2B525574003EAEFC /* ExtLabel.swift */; };
/* End PBXBuildFile section */

/* Begin PBXFileReference section */
		A77EDBCF2B4B00DB00874080 /* MyCard.app */ = {isa = PBXFileReference; explicitFileType = wrapper.application; includeInIndex = 0; path = MyCard.app; sourceTree = BUILT_PRODUCTS_DIR; };
		A77EDBD22B4B00DB00874080 /* AppDelegate.swift */ = {isa = PBXFileReference; lastKnownFileType = sourcecode.swift; path = AppDelegate.swift; sourceTree = "<group>"; };
		A77EDBD42B4B00DB00874080 /* SceneDelegate.swift */ = {isa = PBXFileReference; lastKnownFileType = sourcecode.swift; path = SceneDelegate.swift; sourceTree = "<group>"; };
		A77EDBD62B4B00DB00874080 /* ViewController.swift */ = {isa = PBXFileReference; lastKnownFileType = sourcecode.swift; path = ViewController.swift; sourceTree = "<group>"; };
		A77EDBD92B4B00DB00874080 /* Base */ = {isa = PBXFileReference; lastKnownFileType = file.storyboard; name = Base; path = Base.lproj/Main.storyboard; sourceTree = "<group>"; };
		A77EDBDB2B4B00DD00874080 /* Assets.xcassets */ = {isa = PBXFileReference; lastKnownFileType = folder.assetcatalog; path = Assets.xcassets; sourceTree = "<group>"; };
		A77EDBDE2B4B00DD00874080 /* Base */ = {isa = PBXFileReference; lastKnownFileType = file.storyboard; name = Base; path = Base.lproj/LaunchScreen.storyboard; sourceTree = "<group>"; };
		A77EDBE02B4B00DD00874080 /* Info.plist */ = {isa = PBXFileReference; lastKnownFileType = text.plist.xml; path = Info.plist; sourceTree = "<group>"; };
		A77EDBEB2B4B164400874080 /* ViewBuilder.swift */ = {isa = PBXFileReference; lastKnownFileType = sourcecode.swift; path = ViewBuilder.swift; sourceTree = "<group>"; };
		A77EDBED2B4B16F300874080 /* ViewManager.swift */ = {isa = PBXFileReference; lastKnownFileType = sourcecode.swift; path = ViewManager.swift; sourceTree = "<group>"; };
		A77EDBEF2B4B1E1100874080 /* ExtColor.swift */ = {isa = PBXFileReference; lastKnownFileType = sourcecode.swift; path = ExtColor.swift; sourceTree = "<group>"; };
		A7F5F3392B4EC83000AAD5CA /* ColorCell.swift */ = {isa = PBXFileReference; lastKnownFileType = sourcecode.swift; path = ColorCell.swift; sourceTree = "<group>"; };
		A7F5F33B2B4EC84C00AAD5CA /* IconCell.swift */ = {isa = PBXFileReference; lastKnownFileType = sourcecode.swift; path = IconCell.swift; sourceTree = "<group>"; };
		A7FA191D2B525574003EAEFC /* ExtLabel.swift */ = {isa = PBXFileReference; lastKnownFileType = sourcecode.swift; path = ExtLabel.swift; sourceTree = "<group>"; };
/* End PBXFileReference section */

/* Begin PBXFrameworksBuildPhase section */
		A77EDBCC2B4B00DB00874080 /* Frameworks */ = {
			isa = PBXFrameworksBuildPhase;
			buildActionMask = 2147483647;
			files = (
			);
			runOnlyForDeploymentPostprocessing = 0;
		};
/* End PBXFrameworksBuildPhase section */

/* Begin PBXGroup section */
		A776B1CD2B4C625D001A0C59 /* Cell */ = {
			isa = PBXGroup;
			children = (
				A7F5F3392B4EC83000AAD5CA /* ColorCell.swift */,
				A7F5F33B2B4EC84C00AAD5CA /* IconCell.swift */,
			);
			path = Cell;
			sourceTree = "<group>";
		};
		A77EDBC62B4B00DB00874080 = {
			isa = PBXGroup;
			children = (
				A77EDBD12B4B00DB00874080 /* MyCard */,
				A77EDBD02B4B00DB00874080 /* Products */,
			);
			sourceTree = "<group>";
		};
		A77EDBD02B4B00DB00874080 /* Products */ = {
			isa = PBXGroup;
			children = (
				A77EDBCF2B4B00DB00874080 /* MyCard.app */,
			);
			name = Products;
			sourceTree = "<group>";
		};
		A77EDBD12B4B00DB00874080 /* MyCard */ = {
			isa = PBXGroup;
			children = (
				A77EDBE62B4B150800874080 /* View */,
				A77EDBE72B4B152F00874080 /* Ext */,
				A776B1CD2B4C625D001A0C59 /* Cell */,
				A77EDBD22B4B00DB00874080 /* AppDelegate.swift */,
				A77EDBD42B4B00DB00874080 /* SceneDelegate.swift */,
				A77EDBD62B4B00DB00874080 /* ViewController.swift */,
				A77EDBD82B4B00DB00874080 /* Main.storyboard */,
				A77EDBDB2B4B00DD00874080 /* Assets.xcassets */,
				A77EDBDD2B4B00DD00874080 /* LaunchScreen.storyboard */,
				A77EDBE02B4B00DD00874080 /* Info.plist */,
			);
			path = MyCard;
			sourceTree = "<group>";
		};
		A77EDBE62B4B150800874080 /* View */ = {
			isa = PBXGroup;
			children = (
				A77EDBEB2B4B164400874080 /* ViewBuilder.swift */,
				A77EDBED2B4B16F300874080 /* ViewManager.swift */,
			);
			path = View;
			sourceTree = "<group>";
		};
		A77EDBE72B4B152F00874080 /* Ext */ = {
			isa = PBXGroup;
			children = (
				A77EDBEF2B4B1E1100874080 /* ExtColor.swift */,
				A7FA191D2B525574003EAEFC /* ExtLabel.swift */,
			);
			path = Ext;
			sourceTree = "<group>";
		};
/* End PBXGroup section */

/* Begin PBXNativeTarget section */
		A77EDBCE2B4B00DB00874080 /* MyCard */ = {
			isa = PBXNativeTarget;
			buildConfigurationList = A77EDBE32B4B00DD00874080 /* Build configuration list for PBXNativeTarget "MyCard" */;
			buildPhases = (
				A77EDBCB2B4B00DB00874080 /* Sources */,
				A77EDBCC2B4B00DB00874080 /* Frameworks */,
				A77EDBCD2B4B00DB00874080 /* Resources */,
			);
			buildRules = (
			);
			dependencies = (
			);
			name = MyCard;
			productName = Hotel;
			productReference = A77EDBCF2B4B00DB00874080 /* MyCard.app */;
			productType = "com.apple.product-type.application";
		};
/* End PBXNativeTarget section */

/* Begin PBXProject section */
		A77EDBC72B4B00DB00874080 /* Project object */ = {
			isa = PBXProject;
			attributes = {
				BuildIndependentTargetsInParallel = 1;
				LastSwiftUpdateCheck = 1510;
				LastUpgradeCheck = 1510;
				TargetAttributes = {
					A77EDBCE2B4B00DB00874080 = {
						CreatedOnToolsVersion = 15.1;
					};
				};
			};
			buildConfigurationList = A77EDBCA2B4B00DB00874080 /* Build configuration list for PBXProject "MyCard" */;
			compatibilityVersion = "Xcode 14.0";
			developmentRegion = en;
			hasScannedForEncodings = 0;
			knownRegions = (
				en,
				Base,
			);
			mainGroup = A77EDBC62B4B00DB00874080;
			productRefGroup = A77EDBD02B4B00DB00874080 /* Products */;
			projectDirPath = "";
			projectRoot = "";
			targets = (
				A77EDBCE2B4B00DB00874080 /* MyCard */,
			);
		};
/* End PBXProject section */

/* Begin PBXResourcesBuildPhase section */
		A77EDBCD2B4B00DB00874080 /* Resources */ = {
			isa = PBXResourcesBuildPhase;
			buildActionMask = 2147483647;
			files = (
				A77EDBDF2B4B00DD00874080 /* LaunchScreen.storyboard in Resources */,
				A77EDBDC2B4B00DD00874080 /* Assets.xcassets in Resources */,
				A77EDBDA2B4B00DB00874080 /* Main.storyboard in Resources */,
			);
			runOnlyForDeploymentPostprocessing = 0;
		};
/* End PBXResourcesBuildPhase section */

/* Begin PBXSourcesBuildPhase section */
		A77EDBCB2B4B00DB00874080 /* Sources */ = {
			isa = PBXSourcesBuildPhase;
			buildActionMask = 2147483647;
			files = (
				A77EDBD72B4B00DB00874080 /* ViewController.swift in Sources */,
				A77EDBD32B4B00DB00874080 /* AppDelegate.swift in Sources */,
				A7F5F33C2B4EC84C00AAD5CA /* IconCell.swift in Sources */,
				A7F5F33A2B4EC83000AAD5CA /* ColorCell.swift in Sources */,
				A7FA191E2B525574003EAEFC /* ExtLabel.swift in Sources */,
				A77EDBEE2B4B16F300874080 /* ViewManager.swift in Sources */,
				A77EDBEC2B4B164400874080 /* ViewBuilder.swift in Sources */,
				A77EDBD52B4B00DB00874080 /* SceneDelegate.swift in Sources */,
				A77EDBF02B4B1E1100874080 /* ExtColor.swift in Sources */,
			);
			runOnlyForDeploymentPostprocessing = 0;
		};
/* End PBXSourcesBuildPhase section */

/* Begin PBXVariantGroup section */
		A77EDBD82B4B00DB00874080 /* Main.storyboard */ = {
			isa = PBXVariantGroup;
			children = (
				A77EDBD92B4B00DB00874080 /* Base */,
			);
			name = Main.storyboard;
			sourceTree = "<group>";
		};
		A77EDBDD2B4B00DD00874080 /* LaunchScreen.storyboard */ = {
			isa = PBXVariantGroup;
			children = (
				A77EDBDE2B4B00DD00874080 /* Base */,
			);
			name = LaunchScreen.storyboard;
			sourceTree = "<group>";
		};
/* End PBXVariantGroup section */

/* Begin XCBuildConfiguration section */
		A77EDBE12B4B00DD00874080 /* Debug */ = {
			isa = XCBuildConfiguration;
			buildSettings = {
				ALWAYS_SEARCH_USER_PATHS = NO;
				ASSETCATALOG_COMPILER_GENERATE_SWIFT_ASSET_SYMBOL_EXTENSIONS = YES;
				CLANG_ANALYZER_NONNULL = YES;
				CLANG_ANALYZER_NUMBER_OBJECT_CONVERSION = YES_AGGRESSIVE;
				CLANG_CXX_LANGUAGE_STANDARD = "gnu++20";
				CLANG_ENABLE_MODULES = YES;
				CLANG_ENABLE_OBJC_ARC = YES;
				CLANG_ENABLE_OBJC_WEAK = YES;
				CLANG_WARN_BLOCK_CAPTURE_AUTORELEASING = YES;
				CLANG_WARN_BOOL_CONVERSION = YES;
				CLANG_WARN_COMMA = YES;
				CLANG_WARN_CONSTANT_CONVERSION = YES;
				CLANG_WARN_DEPRECATED_OBJC_IMPLEMENTATIONS = YES;
				CLANG_WARN_DIRECT_OBJC_ISA_USAGE = YES_ERROR;
				CLANG_WARN_DOCUMENTATION_COMMENTS = YES;
				CLANG_WARN_EMPTY_BODY = YES;
				CLANG_WARN_ENUM_CONVERSION = YES;
				CLANG_WARN_INFINITE_RECURSION = YES;
				CLANG_WARN_INT_CONVERSION = YES;
				CLANG_WARN_NON_LITERAL_NULL_CONVERSION = YES;
				CLANG_WARN_OBJC_IMPLICIT_RETAIN_SELF = YES;
				CLANG_WARN_OBJC_LITERAL_CONVERSION = YES;
				CLANG_WARN_OBJC_ROOT_CLASS = YES_ERROR;
				CLANG_WARN_QUOTED_INCLUDE_IN_FRAMEWORK_HEADER = YES;
				CLANG_WARN_RANGE_LOOP_ANALYSIS = YES;
				CLANG_WARN_STRICT_PROTOTYPES = YES;
				CLANG_WARN_SUSPICIOUS_MOVE = YES;
				CLANG_WARN_UNGUARDED_AVAILABILITY = YES_AGGRESSIVE;
				CLANG_WARN_UNREACHABLE_CODE = YES;
				CLANG_WARN__DUPLICATE_METHOD_MATCH = YES;
				COPY_PHASE_STRIP = NO;
				DEBUG_INFORMATION_FORMAT = dwarf;
				ENABLE_STRICT_OBJC_MSGSEND = YES;
				ENABLE_TESTABILITY = YES;
				ENABLE_USER_SCRIPT_SANDBOXING = YES;
				GCC_C_LANGUAGE_STANDARD = gnu17;
				GCC_DYNAMIC_NO_PIC = NO;
				GCC_NO_COMMON_BLOCKS = YES;
				GCC_OPTIMIZATION_LEVEL = 0;
				GCC_PREPROCESSOR_DEFINITIONS = (
					"DEBUG=1",
					"$(inherited)",
				);
				GCC_WARN_64_TO_32_BIT_CONVERSION = YES;
				GCC_WARN_ABOUT_RETURN_TYPE = YES_ERROR;
				GCC_WARN_UNDECLARED_SELECTOR = YES;
				GCC_WARN_UNINITIALIZED_AUTOS = YES_AGGRESSIVE;
				GCC_WARN_UNUSED_FUNCTION = YES;
				GCC_WARN_UNUSED_VARIABLE = YES;
				IPHONEOS_DEPLOYMENT_TARGET = 17.2;
				LOCALIZATION_PREFERS_STRING_CATALOGS = YES;
				MTL_ENABLE_DEBUG_INFO = INCLUDE_SOURCE;
				MTL_FAST_MATH = YES;
				ONLY_ACTIVE_ARCH = YES;
				SDKROOT = iphoneos;
				SWIFT_ACTIVE_COMPILATION_CONDITIONS = "DEBUG $(inherited)";
				SWIFT_OPTIMIZATION_LEVEL = "-Onone";
			};
			name = Debug;
		};
		A77EDBE22B4B00DD00874080 /* Release */ = {
			isa = XCBuildConfiguration;
			buildSettings = {
				ALWAYS_SEARCH_USER_PATHS = NO;
				ASSETCATALOG_COMPILER_GENERATE_SWIFT_ASSET_SYMBOL_EXTENSIONS = YES;
				CLANG_ANALYZER_NONNULL = YES;
				CLANG_ANALYZER_NUMBER_OBJECT_CONVERSION = YES_AGGRESSIVE;
				CLANG_CXX_LANGUAGE_STANDARD = "gnu++20";
				CLANG_ENABLE_MODULES = YES;
				CLANG_ENABLE_OBJC_ARC = YES;
				CLANG_ENABLE_OBJC_WEAK = YES;
				CLANG_WARN_BLOCK_CAPTURE_AUTORELEASING = YES;
				CLANG_WARN_BOOL_CONVERSION = YES;
				CLANG_WARN_COMMA = YES;
				CLANG_WARN_CONSTANT_CONVERSION = YES;
				CLANG_WARN_DEPRECATED_OBJC_IMPLEMENTATIONS = YES;
				CLANG_WARN_DIRECT_OBJC_ISA_USAGE = YES_ERROR;
				CLANG_WARN_DOCUMENTATION_COMMENTS = YES;
				CLANG_WARN_EMPTY_BODY = YES;
				CLANG_WARN_ENUM_CONVERSION = YES;
				CLANG_WARN_INFINITE_RECURSION = YES;
				CLANG_WARN_INT_CONVERSION = YES;
				CLANG_WARN_NON_LITERAL_NULL_CONVERSION = YES;
				CLANG_WARN_OBJC_IMPLICIT_RETAIN_SELF = YES;
				CLANG_WARN_OBJC_LITERAL_CONVERSION = YES;
				CLANG_WARN_OBJC_ROOT_CLASS = YES_ERROR;
				CLANG_WARN_QUOTED_INCLUDE_IN_FRAMEWORK_HEADER = YES;
				CLANG_WARN_RANGE_LOOP_ANALYSIS = YES;
				CLANG_WARN_STRICT_PROTOTYPES = YES;
				CLANG_WARN_SUSPICIOUS_MOVE = YES;
				CLANG_WARN_UNGUARDED_AVAILABILITY = YES_AGGRESSIVE;
				CLANG_WARN_UNREACHABLE_CODE = YES;
				CLANG_WARN__DUPLICATE_METHOD_MATCH = YES;
				COPY_PHASE_STRIP = NO;
				DEBUG_INFORMATION_FORMAT = "dwarf-with-dsym";
				ENABLE_NS_ASSERTIONS = NO;
				ENABLE_STRICT_OBJC_MSGSEND = YES;
				ENABLE_USER_SCRIPT_SANDBOXING = YES;
				GCC_C_LANGUAGE_STANDARD = gnu17;
				GCC_NO_COMMON_BLOCKS = YES;
				GCC_WARN_64_TO_32_BIT_CONVERSION = YES;
				GCC_WARN_ABOUT_RETURN_TYPE = YES_ERROR;
				GCC_WARN_UNDECLARED_SELECTOR = YES;
				GCC_WARN_UNINITIALIZED_AUTOS = YES_AGGRESSIVE;
				GCC_WARN_UNUSED_FUNCTION = YES;
				GCC_WARN_UNUSED_VARIABLE = YES;
				IPHONEOS_DEPLOYMENT_TARGET = 17.2;
				LOCALIZATION_PREFERS_STRING_CATALOGS = YES;
				MTL_ENABLE_DEBUG_INFO = NO;
				MTL_FAST_MATH = YES;
				SDKROOT = iphoneos;
				SWIFT_COMPILATION_MODE = wholemodule;
				VALIDATE_PRODUCT = YES;
			};
			name = Release;
		};
		A77EDBE42B4B00DD00874080 /* Debug */ = {
			isa = XCBuildConfiguration;
			buildSettings = {
				ASSETCATALOG_COMPILER_APPICON_NAME = AppIcon;
				ASSETCATALOG_COMPILER_GLOBAL_ACCENT_COLOR_NAME = AccentColor;
				CODE_SIGN_STYLE = Automatic;
				CURRENT_PROJECT_VERSION = 1;
				DEVELOPMENT_TEAM = L2V2FS26HA;
				GENERATE_INFOPLIST_FILE = YES;
				INFOPLIST_FILE = MyCard/Info.plist;
				INFOPLIST_KEY_UIApplicationSupportsIndirectInputEvents = YES;
				INFOPLIST_KEY_UILaunchStoryboardName = LaunchScreen;
				INFOPLIST_KEY_UIMainStoryboardFile = Main;
				INFOPLIST_KEY_UISupportedInterfaceOrientations_iPad = "UIInterfaceOrientationPortrait UIInterfaceOrientationPortraitUpsideDown UIInterfaceOrientationLandscapeLeft UIInterfaceOrientationLandscapeRight";
				INFOPLIST_KEY_UISupportedInterfaceOrientations_iPhone = "UIInterfaceOrientationPortrait UIInterfaceOrientationLandscapeLeft UIInterfaceOrientationLandscapeRight";
				LD_RUNPATH_SEARCH_PATHS = (
					"$(inherited)",
					"@executable_path/Frameworks",
				);
				MARKETING_VERSION = 1.0;
				PRODUCT_BUNDLE_IDENTIFIER = com.tomasmart.MyCard;
				PRODUCT_NAME = "$(TARGET_NAME)";
				SUPPORTED_PLATFORMS = "iphoneos iphonesimulator";
				SUPPORTS_MACCATALYST = NO;
				SUPPORTS_MAC_DESIGNED_FOR_IPHONE_IPAD = NO;
				SWIFT_EMIT_LOC_STRINGS = YES;
				SWIFT_VERSION = 5.0;
				TARGETED_DEVICE_FAMILY = 1;
			};
			name = Debug;
		};
		A77EDBE52B4B00DD00874080 /* Release */ = {
			isa = XCBuildConfiguration;
			buildSettings = {
				ASSETCATALOG_COMPILER_APPICON_NAME = AppIcon;
				ASSETCATALOG_COMPILER_GLOBAL_ACCENT_COLOR_NAME = AccentColor;
				CODE_SIGN_STYLE = Automatic;
				CURRENT_PROJECT_VERSION = 1;
				DEVELOPMENT_TEAM = L2V2FS26HA;
				GENERATE_INFOPLIST_FILE = YES;
				INFOPLIST_FILE = MyCard/Info.plist;
				INFOPLIST_KEY_UIApplicationSupportsIndirectInputEvents = YES;
				INFOPLIST_KEY_UILaunchStoryboardName = LaunchScreen;
				INFOPLIST_KEY_UIMainStoryboardFile = Main;
				INFOPLIST_KEY_UISupportedInterfaceOrientations_iPad = "UIInterfaceOrientationPortrait UIInterfaceOrientationPortraitUpsideDown UIInterfaceOrientationLandscapeLeft UIInterfaceOrientationLandscapeRight";
				INFOPLIST_KEY_UISupportedInterfaceOrientations_iPhone = "UIInterfaceOrientationPortrait UIInterfaceOrientationLandscapeLeft UIInterfaceOrientationLandscapeRight";
				LD_RUNPATH_SEARCH_PATHS = (
					"$(inherited)",
					"@executable_path/Frameworks",
				);
				MARKETING_VERSION = 1.0;
				PRODUCT_BUNDLE_IDENTIFIER = com.tomasmart.MyCard;
				PRODUCT_NAME = "$(TARGET_NAME)";
				SUPPORTED_PLATFORMS = "iphoneos iphonesimulator";
				SUPPORTS_MACCATALYST = NO;
				SUPPORTS_MAC_DESIGNED_FOR_IPHONE_IPAD = NO;
				SWIFT_EMIT_LOC_STRINGS = YES;
				SWIFT_VERSION = 5.0;
				TARGETED_DEVICE_FAMILY = 1;
			};
			name = Release;
		};
/* End XCBuildConfiguration section */

/* Begin XCConfigurationList section */
		A77EDBCA2B4B00DB00874080 /* Build configuration list for PBXProject "MyCard" */ = {
			isa = XCConfigurationList;
			buildConfigurations = (
				A77EDBE12B4B00DD00874080 /* Debug */,
				A77EDBE22B4B00DD00874080 /* Release */,
			);
			defaultConfigurationIsVisible = 0;
			defaultConfigurationName = Release;
		};
		A77EDBE32B4B00DD00874080 /* Build configuration list for PBXNativeTarget "MyCard" */ = {
			isa = XCConfigurationList;
			buildConfigurations = (
				A77EDBE42B4B00DD00874080 /* Debug */,
				A77EDBE52B4B00DD00874080 /* Release */,
			);
			defaultConfigurationIsVisible = 0;
			defaultConfigurationName = Release;
		};
/* End XCConfigurationList section */
	};
	rootObject = A77EDBC72B4B00DB00874080 /* Project object */;
}
