// !$*UTF8*$!
{
	archiveVersion = 1;
	classes = {
	};
	objectVersion = 56;
	objects = {

/* Begin PBXBuildFile section */
		5734C5F028E59F0F00515296 /* PizzaViewController.swift in Sources */ = {isa = PBXBuildFile; fileRef = 5734C5EF28E59F0F00515296 /* PizzaViewController.swift */; };
		5734C5F228E5A08F00515296 /* AdditionalIngredientsViewController.swift in Sources */ = {isa = PBXBuildFile; fileRef = 5734C5F128E5A08F00515296 /* AdditionalIngredientsViewController.swift */; };
		5734C5F428E68A1600515296 /* PizzaInfo.swift in Sources */ = {isa = PBXBuildFile; fileRef = 5734C5F328E68A1600515296 /* PizzaInfo.swift */; };
		5773748C28E6BC1D00AA737F /* BillPaymentViewController.swift in Sources */ = {isa = PBXBuildFile; fileRef = 5773748B28E6BC1D00AA737F /* BillPaymentViewController.swift */; };
		5773748F28E6DB7000AA737F /* InfoPizzaViewController.swift in Sources */ = {isa = PBXBuildFile; fileRef = 5773748E28E6DB7000AA737F /* InfoPizzaViewController.swift */; };
		57B5497D28DB544700EC20FE /* AppDelegate.swift in Sources */ = {isa = PBXBuildFile; fileRef = 57B5497C28DB544700EC20FE /* AppDelegate.swift */; };
		57B5497F28DB544700EC20FE /* SceneDelegate.swift in Sources */ = {isa = PBXBuildFile; fileRef = 57B5497E28DB544700EC20FE /* SceneDelegate.swift */; };
		57B5498128DB544700EC20FE /* LoginScreenViewController.swift in Sources */ = {isa = PBXBuildFile; fileRef = 57B5498028DB544700EC20FE /* LoginScreenViewController.swift */; };
		57B5498428DB544700EC20FE /* Main.storyboard in Resources */ = {isa = PBXBuildFile; fileRef = 57B5498228DB544700EC20FE /* Main.storyboard */; };
		57B5498628DB544700EC20FE /* Assets.xcassets in Resources */ = {isa = PBXBuildFile; fileRef = 57B5498528DB544700EC20FE /* Assets.xcassets */; };
		57B5498928DB544700EC20FE /* LaunchScreen.storyboard in Resources */ = {isa = PBXBuildFile; fileRef = 57B5498728DB544700EC20FE /* LaunchScreen.storyboard */; };
		57F2E15328E5071C00B8695A /* ChoiceDishViewController.swift in Sources */ = {isa = PBXBuildFile; fileRef = 57F2E15228E5071C00B8695A /* ChoiceDishViewController.swift */; };
/* End PBXBuildFile section */

/* Begin PBXFileReference section */
		5734C5EF28E59F0F00515296 /* PizzaViewController.swift */ = {isa = PBXFileReference; lastKnownFileType = sourcecode.swift; path = PizzaViewController.swift; sourceTree = "<group>"; };
		5734C5F128E5A08F00515296 /* AdditionalIngredientsViewController.swift */ = {isa = PBXFileReference; lastKnownFileType = sourcecode.swift; path = AdditionalIngredientsViewController.swift; sourceTree = "<group>"; };
		5734C5F328E68A1600515296 /* PizzaInfo.swift */ = {isa = PBXFileReference; lastKnownFileType = sourcecode.swift; path = PizzaInfo.swift; sourceTree = "<group>"; };
		5773748B28E6BC1D00AA737F /* BillPaymentViewController.swift */ = {isa = PBXFileReference; lastKnownFileType = sourcecode.swift; path = BillPaymentViewController.swift; sourceTree = "<group>"; };
		5773748E28E6DB7000AA737F /* InfoPizzaViewController.swift */ = {isa = PBXFileReference; lastKnownFileType = sourcecode.swift; path = InfoPizzaViewController.swift; sourceTree = "<group>"; };
		57B5497928DB544700EC20FE /* UIKITDZ.app */ = {isa = PBXFileReference; explicitFileType = wrapper.application; includeInIndex = 0; path = UIKITDZ.app; sourceTree = BUILT_PRODUCTS_DIR; };
		57B5497C28DB544700EC20FE /* AppDelegate.swift */ = {isa = PBXFileReference; lastKnownFileType = sourcecode.swift; path = AppDelegate.swift; sourceTree = "<group>"; };
		57B5497E28DB544700EC20FE /* SceneDelegate.swift */ = {isa = PBXFileReference; lastKnownFileType = sourcecode.swift; path = SceneDelegate.swift; sourceTree = "<group>"; };
		57B5498028DB544700EC20FE /* LoginScreenViewController.swift */ = {isa = PBXFileReference; lastKnownFileType = sourcecode.swift; path = LoginScreenViewController.swift; sourceTree = "<group>"; };
		57B5498328DB544700EC20FE /* Base */ = {isa = PBXFileReference; lastKnownFileType = file.storyboard; name = Base; path = Base.lproj/Main.storyboard; sourceTree = "<group>"; };
		57B5498528DB544700EC20FE /* Assets.xcassets */ = {isa = PBXFileReference; lastKnownFileType = folder.assetcatalog; path = Assets.xcassets; sourceTree = "<group>"; };
		57B5498828DB544700EC20FE /* Base */ = {isa = PBXFileReference; lastKnownFileType = file.storyboard; name = Base; path = Base.lproj/LaunchScreen.storyboard; sourceTree = "<group>"; };
		57B5498A28DB544700EC20FE /* Info.plist */ = {isa = PBXFileReference; lastKnownFileType = text.plist.xml; path = Info.plist; sourceTree = "<group>"; };
		57F2E15228E5071C00B8695A /* ChoiceDishViewController.swift */ = {isa = PBXFileReference; lastKnownFileType = sourcecode.swift; path = ChoiceDishViewController.swift; sourceTree = "<group>"; };
/* End PBXFileReference section */

/* Begin PBXFrameworksBuildPhase section */
		57B5497628DB544700EC20FE /* Frameworks */ = {
			isa = PBXFrameworksBuildPhase;
			buildActionMask = 2147483647;
			files = (
			);
			runOnlyForDeploymentPostprocessing = 0;
		};
/* End PBXFrameworksBuildPhase section */

/* Begin PBXGroup section */
		5734C5F528E68A1E00515296 /* Models */ = {
			isa = PBXGroup;
			children = (
				5734C5F328E68A1600515296 /* PizzaInfo.swift */,
			);
			path = Models;
			sourceTree = "<group>";
		};
		5773748D28E6C80100AA737F /* VC */ = {
			isa = PBXGroup;
			children = (
				57B5498028DB544700EC20FE /* LoginScreenViewController.swift */,
				57F2E15228E5071C00B8695A /* ChoiceDishViewController.swift */,
				5734C5EF28E59F0F00515296 /* PizzaViewController.swift */,
				5734C5F128E5A08F00515296 /* AdditionalIngredientsViewController.swift */,
				5773748E28E6DB7000AA737F /* InfoPizzaViewController.swift */,
			);
			path = VC;
			sourceTree = "<group>";
		};
		57B5497028DB544700EC20FE = {
			isa = PBXGroup;
			children = (
				57B5497B28DB544700EC20FE /* UIKITDZ */,
				57B5497A28DB544700EC20FE /* Products */,
			);
			sourceTree = "<group>";
		};
		57B5497A28DB544700EC20FE /* Products */ = {
			isa = PBXGroup;
			children = (
				57B5497928DB544700EC20FE /* UIKITDZ.app */,
			);
			name = Products;
			sourceTree = "<group>";
		};
		57B5497B28DB544700EC20FE /* UIKITDZ */ = {
			isa = PBXGroup;
			children = (
				57B5497C28DB544700EC20FE /* AppDelegate.swift */,
				57B5497E28DB544700EC20FE /* SceneDelegate.swift */,
				5773748D28E6C80100AA737F /* VC */,
				5773748B28E6BC1D00AA737F /* BillPaymentViewController.swift */,
				5734C5F528E68A1E00515296 /* Models */,
				57B5498228DB544700EC20FE /* Main.storyboard */,
				57B5498528DB544700EC20FE /* Assets.xcassets */,
				57B5498728DB544700EC20FE /* LaunchScreen.storyboard */,
				57B5498A28DB544700EC20FE /* Info.plist */,
			);
			path = UIKITDZ;
			sourceTree = "<group>";
		};
/* End PBXGroup section */

/* Begin PBXNativeTarget section */
		57B5497828DB544700EC20FE /* UIKITDZ */ = {
			isa = PBXNativeTarget;
			buildConfigurationList = 57B5498D28DB544700EC20FE /* Build configuration list for PBXNativeTarget "UIKITDZ" */;
			buildPhases = (
				57B5499028DB545500EC20FE /* Run Swiftlink */,
				57B5497528DB544700EC20FE /* Sources */,
				57B5497628DB544700EC20FE /* Frameworks */,
				57B5497728DB544700EC20FE /* Resources */,
			);
			buildRules = (
			);
			dependencies = (
			);
			name = UIKITDZ;
			productName = UIKITDZ;
			productReference = 57B5497928DB544700EC20FE /* UIKITDZ.app */;
			productType = "com.apple.product-type.application";
		};
/* End PBXNativeTarget section */

/* Begin PBXProject section */
		57B5497128DB544700EC20FE /* Project object */ = {
			isa = PBXProject;
			attributes = {
				BuildIndependentTargetsInParallel = 1;
				LastSwiftUpdateCheck = 1400;
				LastUpgradeCheck = 1400;
				TargetAttributes = {
					57B5497828DB544700EC20FE = {
						CreatedOnToolsVersion = 14.0;
					};
				};
			};
			buildConfigurationList = 57B5497428DB544700EC20FE /* Build configuration list for PBXProject "UIKITDZ" */;
			compatibilityVersion = "Xcode 14.0";
			developmentRegion = en;
			hasScannedForEncodings = 0;
			knownRegions = (
				en,
				Base,
			);
			mainGroup = 57B5497028DB544700EC20FE;
			productRefGroup = 57B5497A28DB544700EC20FE /* Products */;
			projectDirPath = "";
			projectRoot = "";
			targets = (
				57B5497828DB544700EC20FE /* UIKITDZ */,
			);
		};
/* End PBXProject section */

/* Begin PBXResourcesBuildPhase section */
		57B5497728DB544700EC20FE /* Resources */ = {
			isa = PBXResourcesBuildPhase;
			buildActionMask = 2147483647;
			files = (
				57B5498928DB544700EC20FE /* LaunchScreen.storyboard in Resources */,
				57B5498628DB544700EC20FE /* Assets.xcassets in Resources */,
				57B5498428DB544700EC20FE /* Main.storyboard in Resources */,
			);
			runOnlyForDeploymentPostprocessing = 0;
		};
/* End PBXResourcesBuildPhase section */

/* Begin PBXShellScriptBuildPhase section */
		57B5499028DB545500EC20FE /* Run Swiftlink */ = {
			isa = PBXShellScriptBuildPhase;
			buildActionMask = 2147483647;
			files = (
			);
			inputFileListPaths = (
			);
			inputPaths = (
			);
			name = "Run Swiftlink";
			outputFileListPaths = (
			);
			outputPaths = (
			);
			runOnlyForDeploymentPostprocessing = 0;
			shellPath = /bin/sh;
			shellScript = "if which swiftlint > /dev/null; then\n  swiftlint\nelse\n  echo \"warning: SwiftLint not installed, download from https://github.com/realm/SwiftLint\"\nfi\n";
		};
/* End PBXShellScriptBuildPhase section */

/* Begin PBXSourcesBuildPhase section */
		57B5497528DB544700EC20FE /* Sources */ = {
			isa = PBXSourcesBuildPhase;
			buildActionMask = 2147483647;
			files = (
				5734C5F028E59F0F00515296 /* PizzaViewController.swift in Sources */,
				57B5498128DB544700EC20FE /* LoginScreenViewController.swift in Sources */,
				5773748C28E6BC1D00AA737F /* BillPaymentViewController.swift in Sources */,
				57B5497D28DB544700EC20FE /* AppDelegate.swift in Sources */,
				5773748F28E6DB7000AA737F /* InfoPizzaViewController.swift in Sources */,
				57B5497F28DB544700EC20FE /* SceneDelegate.swift in Sources */,
				5734C5F428E68A1600515296 /* PizzaInfo.swift in Sources */,
				5734C5F228E5A08F00515296 /* AdditionalIngredientsViewController.swift in Sources */,
				57F2E15328E5071C00B8695A /* ChoiceDishViewController.swift in Sources */,
			);
			runOnlyForDeploymentPostprocessing = 0;
		};
/* End PBXSourcesBuildPhase section */

/* Begin PBXVariantGroup section */
		57B5498228DB544700EC20FE /* Main.storyboard */ = {
			isa = PBXVariantGroup;
			children = (
				57B5498328DB544700EC20FE /* Base */,
			);
			name = Main.storyboard;
			sourceTree = "<group>";
		};
		57B5498728DB544700EC20FE /* LaunchScreen.storyboard */ = {
			isa = PBXVariantGroup;
			children = (
				57B5498828DB544700EC20FE /* Base */,
			);
			name = LaunchScreen.storyboard;
			sourceTree = "<group>";
		};
/* End PBXVariantGroup section */

/* Begin XCBuildConfiguration section */
		57B5498B28DB544700EC20FE /* Debug */ = {
			isa = XCBuildConfiguration;
			buildSettings = {
				ALWAYS_SEARCH_USER_PATHS = NO;
				CLANG_ANALYZER_NONNULL = YES;
				CLANG_ANALYZER_NUMBER_OBJECT_CONVERSION = YES_AGGRESSIVE;
				CLANG_CXX_LANGUAGE_STANDARD = "gnu++20";
				CLANG_ENABLE_MODULES = YES;
				CLANG_ENABLE_OBJC_ARC = YES;
				CLANG_ENABLE_OBJC_WEAK = YES;
				CLANG_WARN_BLOCK_CAPTURE_AUTORELEASING = YES;
				CLANG_WARN_BOOL_CONVERSION = YES;
				CLANG_WARN_COMMA = YES;
				CLANG_WARN_CONSTANT_CONVERSION = YES;
				CLANG_WARN_DEPRECATED_OBJC_IMPLEMENTATIONS = YES;
				CLANG_WARN_DIRECT_OBJC_ISA_USAGE = YES_ERROR;
				CLANG_WARN_DOCUMENTATION_COMMENTS = YES;
				CLANG_WARN_EMPTY_BODY = YES;
				CLANG_WARN_ENUM_CONVERSION = YES;
				CLANG_WARN_INFINITE_RECURSION = YES;
				CLANG_WARN_INT_CONVERSION = YES;
				CLANG_WARN_NON_LITERAL_NULL_CONVERSION = YES;
				CLANG_WARN_OBJC_IMPLICIT_RETAIN_SELF = YES;
				CLANG_WARN_OBJC_LITERAL_CONVERSION = YES;
				CLANG_WARN_OBJC_ROOT_CLASS = YES_ERROR;
				CLANG_WARN_QUOTED_INCLUDE_IN_FRAMEWORK_HEADER = YES;
				CLANG_WARN_RANGE_LOOP_ANALYSIS = YES;
				CLANG_WARN_STRICT_PROTOTYPES = YES;
				CLANG_WARN_SUSPICIOUS_MOVE = YES;
				CLANG_WARN_UNGUARDED_AVAILABILITY = YES_AGGRESSIVE;
				CLANG_WARN_UNREACHABLE_CODE = YES;
				CLANG_WARN__DUPLICATE_METHOD_MATCH = YES;
				COPY_PHASE_STRIP = NO;
				DEBUG_INFORMATION_FORMAT = dwarf;
				ENABLE_STRICT_OBJC_MSGSEND = YES;
				ENABLE_TESTABILITY = YES;
				GCC_C_LANGUAGE_STANDARD = gnu11;
				GCC_DYNAMIC_NO_PIC = NO;
				GCC_NO_COMMON_BLOCKS = YES;
				GCC_OPTIMIZATION_LEVEL = 0;
				GCC_PREPROCESSOR_DEFINITIONS = (
					"DEBUG=1",
					"$(inherited)",
				);
				GCC_WARN_64_TO_32_BIT_CONVERSION = YES;
				GCC_WARN_ABOUT_RETURN_TYPE = YES_ERROR;
				GCC_WARN_UNDECLARED_SELECTOR = YES;
				GCC_WARN_UNINITIALIZED_AUTOS = YES_AGGRESSIVE;
				GCC_WARN_UNUSED_FUNCTION = YES;
				GCC_WARN_UNUSED_VARIABLE = YES;
				IPHONEOS_DEPLOYMENT_TARGET = 16.0;
				MTL_ENABLE_DEBUG_INFO = INCLUDE_SOURCE;
				MTL_FAST_MATH = YES;
				ONLY_ACTIVE_ARCH = YES;
				SDKROOT = iphoneos;
				SWIFT_ACTIVE_COMPILATION_CONDITIONS = DEBUG;
				SWIFT_OPTIMIZATION_LEVEL = "-Onone";
			};
			name = Debug;
		};
		57B5498C28DB544700EC20FE /* Release */ = {
			isa = XCBuildConfiguration;
			buildSettings = {
				ALWAYS_SEARCH_USER_PATHS = NO;
				CLANG_ANALYZER_NONNULL = YES;
				CLANG_ANALYZER_NUMBER_OBJECT_CONVERSION = YES_AGGRESSIVE;
				CLANG_CXX_LANGUAGE_STANDARD = "gnu++20";
				CLANG_ENABLE_MODULES = YES;
				CLANG_ENABLE_OBJC_ARC = YES;
				CLANG_ENABLE_OBJC_WEAK = YES;
				CLANG_WARN_BLOCK_CAPTURE_AUTORELEASING = YES;
				CLANG_WARN_BOOL_CONVERSION = YES;
				CLANG_WARN_COMMA = YES;
				CLANG_WARN_CONSTANT_CONVERSION = YES;
				CLANG_WARN_DEPRECATED_OBJC_IMPLEMENTATIONS = YES;
				CLANG_WARN_DIRECT_OBJC_ISA_USAGE = YES_ERROR;
				CLANG_WARN_DOCUMENTATION_COMMENTS = YES;
				CLANG_WARN_EMPTY_BODY = YES;
				CLANG_WARN_ENUM_CONVERSION = YES;
				CLANG_WARN_INFINITE_RECURSION = YES;
				CLANG_WARN_INT_CONVERSION = YES;
				CLANG_WARN_NON_LITERAL_NULL_CONVERSION = YES;
				CLANG_WARN_OBJC_IMPLICIT_RETAIN_SELF = YES;
				CLANG_WARN_OBJC_LITERAL_CONVERSION = YES;
				CLANG_WARN_OBJC_ROOT_CLASS = YES_ERROR;
				CLANG_WARN_QUOTED_INCLUDE_IN_FRAMEWORK_HEADER = YES;
				CLANG_WARN_RANGE_LOOP_ANALYSIS = YES;
				CLANG_WARN_STRICT_PROTOTYPES = YES;
				CLANG_WARN_SUSPICIOUS_MOVE = YES;
				CLANG_WARN_UNGUARDED_AVAILABILITY = YES_AGGRESSIVE;
				CLANG_WARN_UNREACHABLE_CODE = YES;
				CLANG_WARN__DUPLICATE_METHOD_MATCH = YES;
				COPY_PHASE_STRIP = NO;
				DEBUG_INFORMATION_FORMAT = "dwarf-with-dsym";
				ENABLE_NS_ASSERTIONS = NO;
				ENABLE_STRICT_OBJC_MSGSEND = YES;
				GCC_C_LANGUAGE_STANDARD = gnu11;
				GCC_NO_COMMON_BLOCKS = YES;
				GCC_WARN_64_TO_32_BIT_CONVERSION = YES;
				GCC_WARN_ABOUT_RETURN_TYPE = YES_ERROR;
				GCC_WARN_UNDECLARED_SELECTOR = YES;
				GCC_WARN_UNINITIALIZED_AUTOS = YES_AGGRESSIVE;
				GCC_WARN_UNUSED_FUNCTION = YES;
				GCC_WARN_UNUSED_VARIABLE = YES;
				IPHONEOS_DEPLOYMENT_TARGET = 16.0;
				MTL_ENABLE_DEBUG_INFO = NO;
				MTL_FAST_MATH = YES;
				SDKROOT = iphoneos;
				SWIFT_COMPILATION_MODE = wholemodule;
				SWIFT_OPTIMIZATION_LEVEL = "-O";
				VALIDATE_PRODUCT = YES;
			};
			name = Release;
		};
		57B5498E28DB544700EC20FE /* Debug */ = {
			isa = XCBuildConfiguration;
			buildSettings = {
				ASSETCATALOG_COMPILER_APPICON_NAME = AppIcon;
				ASSETCATALOG_COMPILER_GLOBAL_ACCENT_COLOR_NAME = AccentColor;
				CODE_SIGN_STYLE = Automatic;
				CURRENT_PROJECT_VERSION = 1;
				DEVELOPMENT_TEAM = 8GW3WFYASG;
				GENERATE_INFOPLIST_FILE = YES;
				INFOPLIST_FILE = UIKITDZ/Info.plist;
				INFOPLIST_KEY_UIApplicationSupportsIndirectInputEvents = YES;
				INFOPLIST_KEY_UILaunchStoryboardName = LaunchScreen;
				INFOPLIST_KEY_UIMainStoryboardFile = Main;
				INFOPLIST_KEY_UISupportedInterfaceOrientations_iPad = "UIInterfaceOrientationPortrait UIInterfaceOrientationPortraitUpsideDown UIInterfaceOrientationLandscapeLeft UIInterfaceOrientationLandscapeRight";
				INFOPLIST_KEY_UISupportedInterfaceOrientations_iPhone = "UIInterfaceOrientationPortrait UIInterfaceOrientationLandscapeLeft UIInterfaceOrientationLandscapeRight";
				LD_RUNPATH_SEARCH_PATHS = (
					"$(inherited)",
					"@executable_path/Frameworks",
				);
				MARKETING_VERSION = 1.0;
				PRODUCT_BUNDLE_IDENTIFIER = AP.UIKITDZ;
				PRODUCT_NAME = "$(TARGET_NAME)";
				SWIFT_EMIT_LOC_STRINGS = YES;
				SWIFT_VERSION = 5.0;
				TARGETED_DEVICE_FAMILY = "1,2";
			};
			name = Debug;
		};
		57B5498F28DB544700EC20FE /* Release */ = {
			isa = XCBuildConfiguration;
			buildSettings = {
				ASSETCATALOG_COMPILER_APPICON_NAME = AppIcon;
				ASSETCATALOG_COMPILER_GLOBAL_ACCENT_COLOR_NAME = AccentColor;
				CODE_SIGN_STYLE = Automatic;
				CURRENT_PROJECT_VERSION = 1;
				DEVELOPMENT_TEAM = 8GW3WFYASG;
				GENERATE_INFOPLIST_FILE = YES;
				INFOPLIST_FILE = UIKITDZ/Info.plist;
				INFOPLIST_KEY_UIApplicationSupportsIndirectInputEvents = YES;
				INFOPLIST_KEY_UILaunchStoryboardName = LaunchScreen;
				INFOPLIST_KEY_UIMainStoryboardFile = Main;
				INFOPLIST_KEY_UISupportedInterfaceOrientations_iPad = "UIInterfaceOrientationPortrait UIInterfaceOrientationPortraitUpsideDown UIInterfaceOrientationLandscapeLeft UIInterfaceOrientationLandscapeRight";
				INFOPLIST_KEY_UISupportedInterfaceOrientations_iPhone = "UIInterfaceOrientationPortrait UIInterfaceOrientationLandscapeLeft UIInterfaceOrientationLandscapeRight";
				LD_RUNPATH_SEARCH_PATHS = (
					"$(inherited)",
					"@executable_path/Frameworks",
				);
				MARKETING_VERSION = 1.0;
				PRODUCT_BUNDLE_IDENTIFIER = AP.UIKITDZ;
				PRODUCT_NAME = "$(TARGET_NAME)";
				SWIFT_EMIT_LOC_STRINGS = YES;
				SWIFT_VERSION = 5.0;
				TARGETED_DEVICE_FAMILY = "1,2";
			};
			name = Release;
		};
/* End XCBuildConfiguration section */

/* Begin XCConfigurationList section */
		57B5497428DB544700EC20FE /* Build configuration list for PBXProject "UIKITDZ" */ = {
			isa = XCConfigurationList;
			buildConfigurations = (
				57B5498B28DB544700EC20FE /* Debug */,
				57B5498C28DB544700EC20FE /* Release */,
			);
			defaultConfigurationIsVisible = 0;
			defaultConfigurationName = Release;
		};
		57B5498D28DB544700EC20FE /* Build configuration list for PBXNativeTarget "UIKITDZ" */ = {
			isa = XCConfigurationList;
			buildConfigurations = (
				57B5498E28DB544700EC20FE /* Debug */,
				57B5498F28DB544700EC20FE /* Release */,
			);
			defaultConfigurationIsVisible = 0;
			defaultConfigurationName = Release;
		};
/* End XCConfigurationList section */
	};
	rootObject = 57B5497128DB544700EC20FE /* Project object */;
}
